// !$*UTF8*$!
{
	archiveVersion = 1;
	classes = {
	};
	objectVersion = 50;
	objects = {

/* Begin PBXBuildFile section */
		B316799F20AF491C003195F0 /* AppDelegate.swift in Sources */ = {isa = PBXBuildFile; fileRef = B316799E20AF491C003195F0 /* AppDelegate.swift */; };
		B31679A420AF491C003195F0 /* Main.storyboard in Resources */ = {isa = PBXBuildFile; fileRef = B31679A220AF491C003195F0 /* Main.storyboard */; };
		B31679A620AF491D003195F0 /* Assets.xcassets in Resources */ = {isa = PBXBuildFile; fileRef = B31679A520AF491D003195F0 /* Assets.xcassets */; };
		B31679A920AF491D003195F0 /* LaunchScreen.storyboard in Resources */ = {isa = PBXBuildFile; fileRef = B31679A720AF491D003195F0 /* LaunchScreen.storyboard */; };
		B31679B420AF491D003195F0 /* WorldTrotterTests.swift in Sources */ = {isa = PBXBuildFile; fileRef = B31679B320AF491D003195F0 /* WorldTrotterTests.swift */; };
		B31679BF20AF491D003195F0 /* WorldTrotterUITests.swift in Sources */ = {isa = PBXBuildFile; fileRef = B31679BE20AF491D003195F0 /* WorldTrotterUITests.swift */; };
		B320509B20AF5A5D00C7E85A /* ConversionViewController.swift in Sources */ = {isa = PBXBuildFile; fileRef = B320509A20AF5A5D00C7E85A /* ConversionViewController.swift */; };
		B320509D20AF6ACD00C7E85A /* MapViewController.swift in Sources */ = {isa = PBXBuildFile; fileRef = B320509C20AF6ACD00C7E85A /* MapViewController.swift */; };
		B355A0C220AFD935005706EE /* MapKit.framework in Frameworks */ = {isa = PBXBuildFile; fileRef = B355A0C120AFD935005706EE /* MapKit.framework */; };
		B366C84E20B72B550075BD64 /* Localizable.strings in Resources */ = {isa = PBXBuildFile; fileRef = B366C84620B721620075BD64 /* Localizable.strings */; };
/* End PBXBuildFile section */

/* Begin PBXContainerItemProxy section */
		B31679B020AF491D003195F0 /* PBXContainerItemProxy */ = {
			isa = PBXContainerItemProxy;
			containerPortal = B316799320AF491C003195F0 /* Project object */;
			proxyType = 1;
			remoteGlobalIDString = B316799A20AF491C003195F0;
			remoteInfo = WorldTrotter;
		};
		B31679BB20AF491D003195F0 /* PBXContainerItemProxy */ = {
			isa = PBXContainerItemProxy;
			containerPortal = B316799320AF491C003195F0 /* Project object */;
			proxyType = 1;
			remoteGlobalIDString = B316799A20AF491C003195F0;
			remoteInfo = WorldTrotter;
		};
/* End PBXContainerItemProxy section */

/* Begin PBXFileReference section */
		B313A29D20B689630037DE26 /* es-419 */ = {isa = PBXFileReference; lastKnownFileType = text.plist.strings; name = "es-419"; path = "es-419.lproj/Main.strings"; sourceTree = "<group>"; };
		B313A29E20B689630037DE26 /* es-419 */ = {isa = PBXFileReference; lastKnownFileType = text.plist.strings; name = "es-419"; path = "es-419.lproj/LaunchScreen.strings"; sourceTree = "<group>"; };
		B316799B20AF491C003195F0 /* WorldTrotter.app */ = {isa = PBXFileReference; explicitFileType = wrapper.application; includeInIndex = 0; path = WorldTrotter.app; sourceTree = BUILT_PRODUCTS_DIR; };
		B316799E20AF491C003195F0 /* AppDelegate.swift */ = {isa = PBXFileReference; lastKnownFileType = sourcecode.swift; path = AppDelegate.swift; sourceTree = "<group>"; };
		B31679A320AF491C003195F0 /* Base */ = {isa = PBXFileReference; lastKnownFileType = file.storyboard; name = Base; path = Base.lproj/Main.storyboard; sourceTree = "<group>"; };
		B31679A520AF491D003195F0 /* Assets.xcassets */ = {isa = PBXFileReference; lastKnownFileType = folder.assetcatalog; path = Assets.xcassets; sourceTree = "<group>"; };
		B31679A820AF491D003195F0 /* Base */ = {isa = PBXFileReference; lastKnownFileType = file.storyboard; name = Base; path = Base.lproj/LaunchScreen.storyboard; sourceTree = "<group>"; };
		B31679AA20AF491D003195F0 /* Info.plist */ = {isa = PBXFileReference; lastKnownFileType = text.plist.xml; path = Info.plist; sourceTree = "<group>"; };
		B31679AF20AF491D003195F0 /* WorldTrotterTests.xctest */ = {isa = PBXFileReference; explicitFileType = wrapper.cfbundle; includeInIndex = 0; path = WorldTrotterTests.xctest; sourceTree = BUILT_PRODUCTS_DIR; };
		B31679B320AF491D003195F0 /* WorldTrotterTests.swift */ = {isa = PBXFileReference; lastKnownFileType = sourcecode.swift; path = WorldTrotterTests.swift; sourceTree = "<group>"; };
		B31679B520AF491D003195F0 /* Info.plist */ = {isa = PBXFileReference; lastKnownFileType = text.plist.xml; path = Info.plist; sourceTree = "<group>"; };
		B31679BA20AF491D003195F0 /* WorldTrotterUITests.xctest */ = {isa = PBXFileReference; explicitFileType = wrapper.cfbundle; includeInIndex = 0; path = WorldTrotterUITests.xctest; sourceTree = BUILT_PRODUCTS_DIR; };
		B31679BE20AF491D003195F0 /* WorldTrotterUITests.swift */ = {isa = PBXFileReference; lastKnownFileType = sourcecode.swift; path = WorldTrotterUITests.swift; sourceTree = "<group>"; };
		B31679C020AF491D003195F0 /* Info.plist */ = {isa = PBXFileReference; lastKnownFileType = text.plist.xml; path = Info.plist; sourceTree = "<group>"; };
		B320509A20AF5A5D00C7E85A /* ConversionViewController.swift */ = {isa = PBXFileReference; lastKnownFileType = sourcecode.swift; path = ConversionViewController.swift; sourceTree = "<group>"; };
		B320509C20AF6ACD00C7E85A /* MapViewController.swift */ = {isa = PBXFileReference; lastKnownFileType = sourcecode.swift; path = MapViewController.swift; sourceTree = "<group>"; };
		B355A0C120AFD935005706EE /* MapKit.framework */ = {isa = PBXFileReference; lastKnownFileType = wrapper.framework; name = MapKit.framework; path = System/Library/Frameworks/MapKit.framework; sourceTree = SDKROOT; };
		B366C84520B721620075BD64 /* en */ = {isa = PBXFileReference; lastKnownFileType = text.plist.strings; name = en; path = en.lproj/Localizable.strings; sourceTree = "<group>"; };
		B366C84720B721870075BD64 /* es */ = {isa = PBXFileReference; lastKnownFileType = text.plist.strings; name = es; path = es.lproj/Localizable.strings; sourceTree = "<group>"; };
		B366C84820B7218C0075BD64 /* es-419 */ = {isa = PBXFileReference; lastKnownFileType = text.plist.strings; name = "es-419"; path = "es-419.lproj/Localizable.strings"; sourceTree = "<group>"; };
		B366C84A20B721D40075BD64 /* en */ = {isa = PBXFileReference; lastKnownFileType = text.plist.strings; name = en; path = en.lproj/Main.strings; sourceTree = "<group>"; };
		B366C84B20B728880075BD64 /* es-MX */ = {isa = PBXFileReference; lastKnownFileType = text.plist.strings; name = "es-MX"; path = "es-MX.lproj/Main.strings"; sourceTree = "<group>"; };
		B366C84C20B728880075BD64 /* es-MX */ = {isa = PBXFileReference; lastKnownFileType = text.plist.strings; name = "es-MX"; path = "es-MX.lproj/LaunchScreen.strings"; sourceTree = "<group>"; };
		B366C84D20B728880075BD64 /* es-MX */ = {isa = PBXFileReference; lastKnownFileType = text.plist.strings; name = "es-MX"; path = "es-MX.lproj/Localizable.strings"; sourceTree = "<group>"; };
		B3685D9A20B628DE00D55B96 /* es */ = {isa = PBXFileReference; lastKnownFileType = text.plist.strings; name = es; path = es.lproj/Main.strings; sourceTree = "<group>"; };
		B3685D9B20B628DE00D55B96 /* es */ = {isa = PBXFileReference; lastKnownFileType = text.plist.strings; name = es; path = es.lproj/LaunchScreen.strings; sourceTree = "<group>"; };
/* End PBXFileReference section */

/* Begin PBXFrameworksBuildPhase section */
		B316799820AF491C003195F0 /* Frameworks */ = {
			isa = PBXFrameworksBuildPhase;
			buildActionMask = 2147483647;
			files = (
				B355A0C220AFD935005706EE /* MapKit.framework in Frameworks */,
			);
			runOnlyForDeploymentPostprocessing = 0;
		};
		B31679AC20AF491D003195F0 /* Frameworks */ = {
			isa = PBXFrameworksBuildPhase;
			buildActionMask = 2147483647;
			files = (
			);
			runOnlyForDeploymentPostprocessing = 0;
		};
		B31679B720AF491D003195F0 /* Frameworks */ = {
			isa = PBXFrameworksBuildPhase;
			buildActionMask = 2147483647;
			files = (
			);
			runOnlyForDeploymentPostprocessing = 0;
		};
/* End PBXFrameworksBuildPhase section */

/* Begin PBXGroup section */
		B316799220AF491C003195F0 = {
			isa = PBXGroup;
			children = (
				B316799D20AF491C003195F0 /* WorldTrotter */,
				B31679B220AF491D003195F0 /* WorldTrotterTests */,
				B31679BD20AF491D003195F0 /* WorldTrotterUITests */,
				B316799C20AF491C003195F0 /* Products */,
				B355A0C020AFD935005706EE /* Frameworks */,
			);
			sourceTree = "<group>";
		};
		B316799C20AF491C003195F0 /* Products */ = {
			isa = PBXGroup;
			children = (
				B316799B20AF491C003195F0 /* WorldTrotter.app */,
				B31679AF20AF491D003195F0 /* WorldTrotterTests.xctest */,
				B31679BA20AF491D003195F0 /* WorldTrotterUITests.xctest */,
			);
			name = Products;
			sourceTree = "<group>";
		};
		B316799D20AF491C003195F0 /* WorldTrotter */ = {
			isa = PBXGroup;
			children = (
				B316799E20AF491C003195F0 /* AppDelegate.swift */,
				B320509C20AF6ACD00C7E85A /* MapViewController.swift */,
				B31679A220AF491C003195F0 /* Main.storyboard */,
				B366C84620B721620075BD64 /* Localizable.strings */,
				B31679A520AF491D003195F0 /* Assets.xcassets */,
				B31679A720AF491D003195F0 /* LaunchScreen.storyboard */,
				B31679AA20AF491D003195F0 /* Info.plist */,
				B320509A20AF5A5D00C7E85A /* ConversionViewController.swift */,
			);
			path = WorldTrotter;
			sourceTree = "<group>";
		};
		B31679B220AF491D003195F0 /* WorldTrotterTests */ = {
			isa = PBXGroup;
			children = (
				B31679B320AF491D003195F0 /* WorldTrotterTests.swift */,
				B31679B520AF491D003195F0 /* Info.plist */,
			);
			path = WorldTrotterTests;
			sourceTree = "<group>";
		};
		B31679BD20AF491D003195F0 /* WorldTrotterUITests */ = {
			isa = PBXGroup;
			children = (
				B31679BE20AF491D003195F0 /* WorldTrotterUITests.swift */,
				B31679C020AF491D003195F0 /* Info.plist */,
			);
			path = WorldTrotterUITests;
			sourceTree = "<group>";
		};
		B355A0C020AFD935005706EE /* Frameworks */ = {
			isa = PBXGroup;
			children = (
				B355A0C120AFD935005706EE /* MapKit.framework */,
			);
			name = Frameworks;
			sourceTree = "<group>";
		};
/* End PBXGroup section */

/* Begin PBXNativeTarget section */
		B316799A20AF491C003195F0 /* WorldTrotter */ = {
			isa = PBXNativeTarget;
			buildConfigurationList = B31679C320AF491D003195F0 /* Build configuration list for PBXNativeTarget "WorldTrotter" */;
			buildPhases = (
				B316799720AF491C003195F0 /* Sources */,
				B316799820AF491C003195F0 /* Frameworks */,
				B316799920AF491C003195F0 /* Resources */,
			);
			buildRules = (
			);
			dependencies = (
			);
			name = WorldTrotter;
			productName = WorldTrotter;
			productReference = B316799B20AF491C003195F0 /* WorldTrotter.app */;
			productType = "com.apple.product-type.application";
		};
		B31679AE20AF491D003195F0 /* WorldTrotterTests */ = {
			isa = PBXNativeTarget;
			buildConfigurationList = B31679C620AF491D003195F0 /* Build configuration list for PBXNativeTarget "WorldTrotterTests" */;
			buildPhases = (
				B31679AB20AF491D003195F0 /* Sources */,
				B31679AC20AF491D003195F0 /* Frameworks */,
				B31679AD20AF491D003195F0 /* Resources */,
			);
			buildRules = (
			);
			dependencies = (
				B31679B120AF491D003195F0 /* PBXTargetDependency */,
			);
			name = WorldTrotterTests;
			productName = WorldTrotterTests;
			productReference = B31679AF20AF491D003195F0 /* WorldTrotterTests.xctest */;
			productType = "com.apple.product-type.bundle.unit-test";
		};
		B31679B920AF491D003195F0 /* WorldTrotterUITests */ = {
			isa = PBXNativeTarget;
			buildConfigurationList = B31679C920AF491D003195F0 /* Build configuration list for PBXNativeTarget "WorldTrotterUITests" */;
			buildPhases = (
				B31679B620AF491D003195F0 /* Sources */,
				B31679B720AF491D003195F0 /* Frameworks */,
				B31679B820AF491D003195F0 /* Resources */,
			);
			buildRules = (
			);
			dependencies = (
				B31679BC20AF491D003195F0 /* PBXTargetDependency */,
			);
			name = WorldTrotterUITests;
			productName = WorldTrotterUITests;
			productReference = B31679BA20AF491D003195F0 /* WorldTrotterUITests.xctest */;
			productType = "com.apple.product-type.bundle.ui-testing";
		};
/* End PBXNativeTarget section */

/* Begin PBXProject section */
		B316799320AF491C003195F0 /* Project object */ = {
			isa = PBXProject;
			attributes = {
				LastSwiftUpdateCheck = 0930;
				LastUpgradeCheck = 0930;
				ORGANIZATIONNAME = com.unam.aragon;
				TargetAttributes = {
					B316799A20AF491C003195F0 = {
						CreatedOnToolsVersion = 9.3.1;
					};
					B31679AE20AF491D003195F0 = {
						CreatedOnToolsVersion = 9.3.1;
						TestTargetID = B316799A20AF491C003195F0;
					};
					B31679B920AF491D003195F0 = {
						CreatedOnToolsVersion = 9.3.1;
						TestTargetID = B316799A20AF491C003195F0;
					};
				};
			};
			buildConfigurationList = B316799620AF491C003195F0 /* Build configuration list for PBXProject "WorldTrotter" */;
			compatibilityVersion = "Xcode 9.3";
			developmentRegion = en;
			hasScannedForEncodings = 0;
			knownRegions = (
				en,
				Base,
				es,
				"es-419",
				"es-MX",
			);
			mainGroup = B316799220AF491C003195F0;
			productRefGroup = B316799C20AF491C003195F0 /* Products */;
			projectDirPath = "";
			projectRoot = "";
			targets = (
				B316799A20AF491C003195F0 /* WorldTrotter */,
				B31679AE20AF491D003195F0 /* WorldTrotterTests */,
				B31679B920AF491D003195F0 /* WorldTrotterUITests */,
			);
		};
/* End PBXProject section */

/* Begin PBXResourcesBuildPhase section */
		B316799920AF491C003195F0 /* Resources */ = {
			isa = PBXResourcesBuildPhase;
			buildActionMask = 2147483647;
			files = (
				B31679A920AF491D003195F0 /* LaunchScreen.storyboard in Resources */,
				B366C84E20B72B550075BD64 /* Localizable.strings in Resources */,
				B31679A620AF491D003195F0 /* Assets.xcassets in Resources */,
				B31679A420AF491C003195F0 /* Main.storyboard in Resources */,
			);
			runOnlyForDeploymentPostprocessing = 0;
		};
		B31679AD20AF491D003195F0 /* Resources */ = {
			isa = PBXResourcesBuildPhase;
			buildActionMask = 2147483647;
			files = (
			);
			runOnlyForDeploymentPostprocessing = 0;
		};
		B31679B820AF491D003195F0 /* Resources */ = {
			isa = PBXResourcesBuildPhase;
			buildActionMask = 2147483647;
			files = (
			);
			runOnlyForDeploymentPostprocessing = 0;
		};
/* End PBXResourcesBuildPhase section */

/* Begin PBXSourcesBuildPhase section */
		B316799720AF491C003195F0 /* Sources */ = {
			isa = PBXSourcesBuildPhase;
			buildActionMask = 2147483647;
			files = (
				B320509B20AF5A5D00C7E85A /* ConversionViewController.swift in Sources */,
				B320509D20AF6ACD00C7E85A /* MapViewController.swift in Sources */,
				B316799F20AF491C003195F0 /* AppDelegate.swift in Sources */,
			);
			runOnlyForDeploymentPostprocessing = 0;
		};
		B31679AB20AF491D003195F0 /* Sources */ = {
			isa = PBXSourcesBuildPhase;
			buildActionMask = 2147483647;
			files = (
				B31679B420AF491D003195F0 /* WorldTrotterTests.swift in Sources */,
			);
			runOnlyForDeploymentPostprocessing = 0;
		};
		B31679B620AF491D003195F0 /* Sources */ = {
			isa = PBXSourcesBuildPhase;
			buildActionMask = 2147483647;
			files = (
				B31679BF20AF491D003195F0 /* WorldTrotterUITests.swift in Sources */,
			);
			runOnlyForDeploymentPostprocessing = 0;
		};
/* End PBXSourcesBuildPhase section */

/* Begin PBXTargetDependency section */
		B31679B120AF491D003195F0 /* PBXTargetDependency */ = {
			isa = PBXTargetDependency;
			target = B316799A20AF491C003195F0 /* WorldTrotter */;
			targetProxy = B31679B020AF491D003195F0 /* PBXContainerItemProxy */;
		};
		B31679BC20AF491D003195F0 /* PBXTargetDependency */ = {
			isa = PBXTargetDependency;
			target = B316799A20AF491C003195F0 /* WorldTrotter */;
			targetProxy = B31679BB20AF491D003195F0 /* PBXContainerItemProxy */;
		};
/* End PBXTargetDependency section */

/* Begin PBXVariantGroup section */
		B31679A220AF491C003195F0 /* Main.storyboard */ = {
			isa = PBXVariantGroup;
			children = (
				B31679A320AF491C003195F0 /* Base */,
				B3685D9A20B628DE00D55B96 /* es */,
				B313A29D20B689630037DE26 /* es-419 */,
				B366C84A20B721D40075BD64 /* en */,
				B366C84B20B728880075BD64 /* es-MX */,
			);
			name = Main.storyboard;
			sourceTree = "<group>";
		};
		B31679A720AF491D003195F0 /* LaunchScreen.storyboard */ = {
			isa = PBXVariantGroup;
			children = (
				B31679A820AF491D003195F0 /* Base */,
				B3685D9B20B628DE00D55B96 /* es */,
				B313A29E20B689630037DE26 /* es-419 */,
				B366C84C20B728880075BD64 /* es-MX */,
			);
			name = LaunchScreen.storyboard;
			sourceTree = "<group>";
		};
		B366C84620B721620075BD64 /* Localizable.strings */ = {
			isa = PBXVariantGroup;
			children = (
				B366C84520B721620075BD64 /* en */,
				B366C84720B721870075BD64 /* es */,
				B366C84820B7218C0075BD64 /* es-419 */,
				B366C84D20B728880075BD64 /* es-MX */,
			);
			name = Localizable.strings;
			sourceTree = "<group>";
		};
/* End PBXVariantGroup section */

/* Begin XCBuildConfiguration section */
		B31679C120AF491D003195F0 /* Debug */ = {
			isa = XCBuildConfiguration;
			buildSettings = {
				ALWAYS_SEARCH_USER_PATHS = NO;
				CLANG_ANALYZER_LOCALIZABILITY_NONLOCALIZED = YES;
				CLANG_ANALYZER_NONNULL = YES;
				CLANG_ANALYZER_NUMBER_OBJECT_CONVERSION = YES_AGGRESSIVE;
				CLANG_CXX_LANGUAGE_STANDARD = "gnu++14";
				CLANG_CXX_LIBRARY = "libc++";
				CLANG_ENABLE_MODULES = YES;
				CLANG_ENABLE_OBJC_ARC = YES;
				CLANG_ENABLE_OBJC_WEAK = YES;
				CLANG_WARN_BLOCK_CAPTURE_AUTORELEASING = YES;
				CLANG_WARN_BOOL_CONVERSION = YES;
				CLANG_WARN_COMMA = YES;
				CLANG_WARN_CONSTANT_CONVERSION = YES;
				CLANG_WARN_DEPRECATED_OBJC_IMPLEMENTATIONS = YES;
				CLANG_WARN_DIRECT_OBJC_ISA_USAGE = YES_ERROR;
				CLANG_WARN_DOCUMENTATION_COMMENTS = YES;
				CLANG_WARN_EMPTY_BODY = YES;
				CLANG_WARN_ENUM_CONVERSION = YES;
				CLANG_WARN_INFINITE_RECURSION = YES;
				CLANG_WARN_INT_CONVERSION = YES;
				CLANG_WARN_NON_LITERAL_NULL_CONVERSION = YES;
				CLANG_WARN_OBJC_IMPLICIT_RETAIN_SELF = YES;
				CLANG_WARN_OBJC_LITERAL_CONVERSION = YES;
				CLANG_WARN_OBJC_ROOT_CLASS = YES_ERROR;
				CLANG_WARN_RANGE_LOOP_ANALYSIS = YES;
				CLANG_WARN_STRICT_PROTOTYPES = YES;
				CLANG_WARN_SUSPICIOUS_MOVE = YES;
				CLANG_WARN_UNGUARDED_AVAILABILITY = YES_AGGRESSIVE;
				CLANG_WARN_UNREACHABLE_CODE = YES;
				CLANG_WARN__DUPLICATE_METHOD_MATCH = YES;
				CODE_SIGN_IDENTITY = "iPhone Developer";
				COPY_PHASE_STRIP = NO;
				DEBUG_INFORMATION_FORMAT = dwarf;
				ENABLE_STRICT_OBJC_MSGSEND = YES;
				ENABLE_TESTABILITY = YES;
				GCC_C_LANGUAGE_STANDARD = gnu11;
				GCC_DYNAMIC_NO_PIC = NO;
				GCC_NO_COMMON_BLOCKS = YES;
				GCC_OPTIMIZATION_LEVEL = 0;
				GCC_PREPROCESSOR_DEFINITIONS = (
					"DEBUG=1",
					"$(inherited)",
				);
				GCC_WARN_64_TO_32_BIT_CONVERSION = YES;
				GCC_WARN_ABOUT_RETURN_TYPE = YES_ERROR;
				GCC_WARN_UNDECLARED_SELECTOR = YES;
				GCC_WARN_UNINITIALIZED_AUTOS = YES_AGGRESSIVE;
				GCC_WARN_UNUSED_FUNCTION = YES;
				GCC_WARN_UNUSED_VARIABLE = YES;
				IPHONEOS_DEPLOYMENT_TARGET = 11.3;
				MTL_ENABLE_DEBUG_INFO = YES;
				ONLY_ACTIVE_ARCH = YES;
				SDKROOT = iphoneos;
				SWIFT_ACTIVE_COMPILATION_CONDITIONS = DEBUG;
				SWIFT_OPTIMIZATION_LEVEL = "-Onone";
			};
			name = Debug;
		};
		B31679C220AF491D003195F0 /* Release */ = {
			isa = XCBuildConfiguration;
			buildSettings = {
				ALWAYS_SEARCH_USER_PATHS = NO;
				CLANG_ANALYZER_LOCALIZABILITY_NONLOCALIZED = YES;
				CLANG_ANALYZER_NONNULL = YES;
				CLANG_ANALYZER_NUMBER_OBJECT_CONVERSION = YES_AGGRESSIVE;
				CLANG_CXX_LANGUAGE_STANDARD = "gnu++14";
				CLANG_CXX_LIBRARY = "libc++";
				CLANG_ENABLE_MODULES = YES;
				CLANG_ENABLE_OBJC_ARC = YES;
				CLANG_ENABLE_OBJC_WEAK = YES;
				CLANG_WARN_BLOCK_CAPTURE_AUTORELEASING = YES;
				CLANG_WARN_BOOL_CONVERSION = YES;
				CLANG_WARN_COMMA = YES;
				CLANG_WARN_CONSTANT_CONVERSION = YES;
				CLANG_WARN_DEPRECATED_OBJC_IMPLEMENTATIONS = YES;
				CLANG_WARN_DIRECT_OBJC_ISA_USAGE = YES_ERROR;
				CLANG_WARN_DOCUMENTATION_COMMENTS = YES;
				CLANG_WARN_EMPTY_BODY = YES;
				CLANG_WARN_ENUM_CONVERSION = YES;
				CLANG_WARN_INFINITE_RECURSION = YES;
				CLANG_WARN_INT_CONVERSION = YES;
				CLANG_WARN_NON_LITERAL_NULL_CONVERSION = YES;
				CLANG_WARN_OBJC_IMPLICIT_RETAIN_SELF = YES;
				CLANG_WARN_OBJC_LITERAL_CONVERSION = YES;
				CLANG_WARN_OBJC_ROOT_CLASS = YES_ERROR;
				CLANG_WARN_RANGE_LOOP_ANALYSIS = YES;
				CLANG_WARN_STRICT_PROTOTYPES = YES;
				CLANG_WARN_SUSPICIOUS_MOVE = YES;
				CLANG_WARN_UNGUARDED_AVAILABILITY = YES_AGGRESSIVE;
				CLANG_WARN_UNREACHABLE_CODE = YES;
				CLANG_WARN__DUPLICATE_METHOD_MATCH = YES;
				CODE_SIGN_IDENTITY = "iPhone Developer";
				COPY_PHASE_STRIP = NO;
				DEBUG_INFORMATION_FORMAT = "dwarf-with-dsym";
				ENABLE_NS_ASSERTIONS = NO;
				ENABLE_STRICT_OBJC_MSGSEND = YES;
				GCC_C_LANGUAGE_STANDARD = gnu11;
				GCC_NO_COMMON_BLOCKS = YES;
				GCC_WARN_64_TO_32_BIT_CONVERSION = YES;
				GCC_WARN_ABOUT_RETURN_TYPE = YES_ERROR;
				GCC_WARN_UNDECLARED_SELECTOR = YES;
				GCC_WARN_UNINITIALIZED_AUTOS = YES_AGGRESSIVE;
				GCC_WARN_UNUSED_FUNCTION = YES;
				GCC_WARN_UNUSED_VARIABLE = YES;
				IPHONEOS_DEPLOYMENT_TARGET = 11.3;
				MTL_ENABLE_DEBUG_INFO = NO;
				SDKROOT = iphoneos;
				SWIFT_COMPILATION_MODE = wholemodule;
				SWIFT_OPTIMIZATION_LEVEL = "-O";
				VALIDATE_PRODUCT = YES;
			};
			name = Release;
		};
		B31679C420AF491D003195F0 /* Debug */ = {
			isa = XCBuildConfiguration;
			buildSettings = {
				ASSETCATALOG_COMPILER_APPICON_NAME = AppIcon;
				CODE_SIGN_STYLE = Automatic;
				INFOPLIST_FILE = WorldTrotter/Info.plist;
				LD_RUNPATH_SEARCH_PATHS = (
					"$(inherited)",
					"@executable_path/Frameworks",
				);
				PRODUCT_BUNDLE_IDENTIFIER = Quiz.WorldTrotter;
				PRODUCT_NAME = "$(TARGET_NAME)";
				SWIFT_VERSION = 4.0;
				TARGETED_DEVICE_FAMILY = "1,2";
			};
			name = Debug;
		};
		B31679C520AF491D003195F0 /* Release */ = {
			isa = XCBuildConfiguration;
			buildSettings = {
				ASSETCATALOG_COMPILER_APPICON_NAME = AppIcon;
				CODE_SIGN_STYLE = Automatic;
				INFOPLIST_FILE = WorldTrotter/Info.plist;
				LD_RUNPATH_SEARCH_PATHS = (
					"$(inherited)",
					"@executable_path/Frameworks",
				);
				PRODUCT_BUNDLE_IDENTIFIER = Quiz.WorldTrotter;
				PRODUCT_NAME = "$(TARGET_NAME)";
				SWIFT_VERSION = 4.0;
				TARGETED_DEVICE_FAMILY = "1,2";
			};
			name = Release;
		};
		B31679C720AF491D003195F0 /* Debug */ = {
			isa = XCBuildConfiguration;
			buildSettings = {
				ALWAYS_EMBED_SWIFT_STANDARD_LIBRARIES = YES;
				BUNDLE_LOADER = "$(TEST_HOST)";
				CODE_SIGN_STYLE = Automatic;
				INFOPLIST_FILE = WorldTrotterTests/Info.plist;
				LD_RUNPATH_SEARCH_PATHS = (
					"$(inherited)",
					"@executable_path/Frameworks",
					"@loader_path/Frameworks",
				);
				PRODUCT_BUNDLE_IDENTIFIER = Quiz.WorldTrotterTests;
				PRODUCT_NAME = "$(TARGET_NAME)";
				SWIFT_VERSION = 4.0;
				TARGETED_DEVICE_FAMILY = "1,2";
				TEST_HOST = "$(BUILT_PRODUCTS_DIR)/WorldTrotter.app/WorldTrotter";
			};
			name = Debug;
		};
		B31679C820AF491D003195F0 /* Release */ = {
			isa = XCBuildConfiguration;
			buildSettings = {
				ALWAYS_EMBED_SWIFT_STANDARD_LIBRARIES = YES;
				BUNDLE_LOADER = "$(TEST_HOST)";
				CODE_SIGN_STYLE = Automatic;
				INFOPLIST_FILE = WorldTrotterTests/Info.plist;
				LD_RUNPATH_SEARCH_PATHS = (
					"$(inherited)",
					"@executable_path/Frameworks",
					"@loader_path/Frameworks",
				);
				PRODUCT_BUNDLE_IDENTIFIER = Quiz.WorldTrotterTests;
				PRODUCT_NAME = "$(TARGET_NAME)";
				SWIFT_VERSION = 4.0;
				TARGETED_DEVICE_FAMILY = "1,2";
				TEST_HOST = "$(BUILT_PRODUCTS_DIR)/WorldTrotter.app/WorldTrotter";
			};
			name = Release;
		};
		B31679CA20AF491D003195F0 /* Debug */ = {
			isa = XCBuildConfiguration;
			buildSettings = {
				ALWAYS_EMBED_SWIFT_STANDARD_LIBRARIES = YES;
				CODE_SIGN_STYLE = Automatic;
				INFOPLIST_FILE = WorldTrotterUITests/Info.plist;
				LD_RUNPATH_SEARCH_PATHS = (
					"$(inherited)",
					"@executable_path/Frameworks",
					"@loader_path/Frameworks",
				);
				PRODUCT_BUNDLE_IDENTIFIER = Quiz.WorldTrotterUITests;
				PRODUCT_NAME = "$(TARGET_NAME)";
				SWIFT_VERSION = 4.0;
				TARGETED_DEVICE_FAMILY = "1,2";
				TEST_TARGET_NAME = WorldTrotter;
			};
			name = Debug;
		};
		B31679CB20AF491D003195F0 /* Release */ = {
			isa = XCBuildConfiguration;
			buildSettings = {
				ALWAYS_EMBED_SWIFT_STANDARD_LIBRARIES = YES;
				CODE_SIGN_STYLE = Automatic;
				INFOPLIST_FILE = WorldTrotterUITests/Info.plist;
				LD_RUNPATH_SEARCH_PATHS = (
					"$(inherited)",
					"@executable_path/Frameworks",
					"@loader_path/Frameworks",
				);
				PRODUCT_BUNDLE_IDENTIFIER = Quiz.WorldTrotterUITests;
				PRODUCT_NAME = "$(TARGET_NAME)";
				SWIFT_VERSION = 4.0;
				TARGETED_DEVICE_FAMILY = "1,2";
				TEST_TARGET_NAME = WorldTrotter;
			};
			name = Release;
		};
/* End XCBuildConfiguration section */

/* Begin XCConfigurationList section */
		B316799620AF491C003195F0 /* Build configuration list for PBXProject "WorldTrotter" */ = {
			isa = XCConfigurationList;
			buildConfigurations = (
				B31679C120AF491D003195F0 /* Debug */,
				B31679C220AF491D003195F0 /* Release */,
			);
			defaultConfigurationIsVisible = 0;
			defaultConfigurationName = Release;
		};
		B31679C320AF491D003195F0 /* Build configuration list for PBXNativeTarget "WorldTrotter" */ = {
			isa = XCConfigurationList;
			buildConfigurations = (
				B31679C420AF491D003195F0 /* Debug */,
				B31679C520AF491D003195F0 /* Release */,
			);
			defaultConfigurationIsVisible = 0;
			defaultConfigurationName = Release;
		};
		B31679C620AF491D003195F0 /* Build configuration list for PBXNativeTarget "WorldTrotterTests" */ = {
			isa = XCConfigurationList;
			buildConfigurations = (
				B31679C720AF491D003195F0 /* Debug */,
				B31679C820AF491D003195F0 /* Release */,
			);
			defaultConfigurationIsVisible = 0;
			defaultConfigurationName = Release;
		};
		B31679C920AF491D003195F0 /* Build configuration list for PBXNativeTarget "WorldTrotterUITests" */ = {
			isa = XCConfigurationList;
			buildConfigurations = (
				B31679CA20AF491D003195F0 /* Debug */,
				B31679CB20AF491D003195F0 /* Release */,
			);
			defaultConfigurationIsVisible = 0;
			defaultConfigurationName = Release;
		};
/* End XCConfigurationList section */
	};
	rootObject = B316799320AF491C003195F0 /* Project object */;
}
